
Microsoft Visual Studio Solution File, Format Version 12.00
# Visual Studio Version 17
VisualStudioVersion = 17.14.36705.20 d17.14
MinimumVisualStudioVersion = 10.0.40219.1
Project("{FAE04EC0-301F-11D3-BF4B-00C04F79EFBC}") = "ConsoleApp1", "ConsoleApp1\ConsoleApp1.csproj", "{7AA03FF1-9B9E-4BA2-8E2D-B04C0E096032}"
EndProject
Global
	GlobalSection(SolutionConfigurationPlatforms) = preSolution
		Debug|Any CPU = Debug|Any CPU
		Release|Any CPU = Release|Any CPU
	EndGlobalSection
	GlobalSection(ProjectConfigurationPlatforms) = postSolution
		{7AA03FF1-9B9E-4BA2-8E2D-B04C0E096032}.Debug|Any CPU.ActiveCfg = Debug|Any CPU
		{7AA03FF1-9B9E-4BA2-8E2D-B04C0E096032}.Debug|Any CPU.Build.0 = Debug|Any CPU
		{7AA03FF1-9B9E-4BA2-8E2D-B04C0E096032}.Release|Any CPU.ActiveCfg = Release|Any CPU
		{7AA03FF1-9B9E-4BA2-8E2D-B04C0E096032}.Release|Any CPU.Build.0 = Release|Any CPU
	EndGlobalSection
	GlobalSection(SolutionProperties) = preSolution
		HideSolutionNode = FALSE
	EndGlobalSection
	GlobalSection(ExtensibilityGlobals) = postSolution
		SolutionGuid = {74C8D804-12E2-42F7-9C27-0FCD3D6CD61E}
	EndGlobalSection
EndGlobal
